
Microsoft Visual Studio Solution File, Format Version 12.00
# Visual Studio 15
VisualStudioVersion = 15.0.27703.2026
MinimumVisualStudioVersion = 10.0.40219.1
Project("{FAE04EC0-301F-11D3-BF4B-00C04F79EFBC}") = "PacMan", "Pacman\PacMan.csproj", "{CDFF2872-A473-4724-BFC2-E0C6E19CEF32}"
EndProject
Project("{FAE04EC0-301F-11D3-BF4B-00C04F79EFBC}") = "PacmanDemo", "PacmanDemo\PacmanDemo.csproj", "{58DA4D8B-1793-42D7-93EC-99245A8193FE}"
EndProject
Project("{9A19103F-16F7-4668-BE54-9A1E7A4F7556}") = "PacmanWeb", "PacmanWeb\PacmanWeb.csproj", "{634F4889-CBDC-43A9-AE0D-5C5E8EF1795A}"
EndProject
Global
	GlobalSection(SolutionConfigurationPlatforms) = preSolution
		Debug|Any CPU = Debug|Any CPU
		Release|Any CPU = Release|Any CPU
	EndGlobalSection
	GlobalSection(ProjectConfigurationPlatforms) = postSolution
		{CDFF2872-A473-4724-BFC2-E0C6E19CEF32}.Debug|Any CPU.ActiveCfg = Debug|Any CPU
		{CDFF2872-A473-4724-BFC2-E0C6E19CEF32}.Debug|Any CPU.Build.0 = Debug|Any CPU
		{CDFF2872-A473-4724-BFC2-E0C6E19CEF32}.Release|Any CPU.ActiveCfg = Release|Any CPU
		{CDFF2872-A473-4724-BFC2-E0C6E19CEF32}.Release|Any CPU.Build.0 = Release|Any CPU
		{58DA4D8B-1793-42D7-93EC-99245A8193FE}.Debug|Any CPU.ActiveCfg = Debug|Any CPU
		{58DA4D8B-1793-42D7-93EC-99245A8193FE}.Debug|Any CPU.Build.0 = Debug|Any CPU
		{58DA4D8B-1793-42D7-93EC-99245A8193FE}.Release|Any CPU.ActiveCfg = Release|Any CPU
		{58DA4D8B-1793-42D7-93EC-99245A8193FE}.Release|Any CPU.Build.0 = Release|Any CPU
		{634F4889-CBDC-43A9-AE0D-5C5E8EF1795A}.Debug|Any CPU.ActiveCfg = Debug|Any CPU
		{634F4889-CBDC-43A9-AE0D-5C5E8EF1795A}.Debug|Any CPU.Build.0 = Debug|Any CPU
		{634F4889-CBDC-43A9-AE0D-5C5E8EF1795A}.Release|Any CPU.ActiveCfg = Release|Any CPU
		{634F4889-CBDC-43A9-AE0D-5C5E8EF1795A}.Release|Any CPU.Build.0 = Release|Any CPU
	EndGlobalSection
	GlobalSection(SolutionProperties) = preSolution
		HideSolutionNode = FALSE
	EndGlobalSection
	GlobalSection(ExtensibilityGlobals) = postSolution
		SolutionGuid = {FB09610F-27E4-4C87-AD5A-07D16CF0C649}
	EndGlobalSection
EndGlobal
